
Microsoft Visual Studio Solution File, Format Version 12.00
# Visual Studio Version 17
VisualStudioVersion = 17.2.32630.192
MinimumVisualStudioVersion = 10.0.40219.1
Project("{FAE04EC0-301F-11D3-BF4B-00C04F79EFBC}") = "MissingNumbersCheck", "MissingNumbersCheck\MissingNumbersCheck.csproj", "{D7F8F16E-C9A5-41B8-98F0-3192B7FD455E}"
EndProject
Project("{FAE04EC0-301F-11D3-BF4B-00C04F79EFBC}") = "MissingNumbersCheckTest", "MissingNumbersCheckTest\MissingNumbersCheckTest.csproj", "{8012DF80-1DB9-44C2-A0EE-74079413B890}"
EndProject
Global
	GlobalSection(SolutionConfigurationPlatforms) = preSolution
		Debug|Any CPU = Debug|Any CPU
		Release|Any CPU = Release|Any CPU
	EndGlobalSection
	GlobalSection(ProjectConfigurationPlatforms) = postSolution
		{D7F8F16E-C9A5-41B8-98F0-3192B7FD455E}.Debug|Any CPU.ActiveCfg = Debug|Any CPU
		{D7F8F16E-C9A5-41B8-98F0-3192B7FD455E}.Debug|Any CPU.Build.0 = Debug|Any CPU
		{D7F8F16E-C9A5-41B8-98F0-3192B7FD455E}.Release|Any CPU.ActiveCfg = Release|Any CPU
		{D7F8F16E-C9A5-41B8-98F0-3192B7FD455E}.Release|Any CPU.Build.0 = Release|Any CPU
		{8012DF80-1DB9-44C2-A0EE-74079413B890}.Debug|Any CPU.ActiveCfg = Debug|Any CPU
		{8012DF80-1DB9-44C2-A0EE-74079413B890}.Debug|Any CPU.Build.0 = Debug|Any CPU
		{8012DF80-1DB9-44C2-A0EE-74079413B890}.Release|Any CPU.ActiveCfg = Release|Any CPU
		{8012DF80-1DB9-44C2-A0EE-74079413B890}.Release|Any CPU.Build.0 = Release|Any CPU
	EndGlobalSection
	GlobalSection(SolutionProperties) = preSolution
		HideSolutionNode = FALSE
	EndGlobalSection
	GlobalSection(ExtensibilityGlobals) = postSolution
		SolutionGuid = {65E56B96-A13B-41E3-B8FC-4E89C6C52DCC}
	EndGlobalSection
EndGlobal
